{
  "version": 1,
  "dependencies": {
    "net10.0": {
      "Acr.UserDialogs": {
        "type": "Direct",
        "requested": "[9.2.2, )",
        "resolved": "9.2.2",
        "contentHash": "5lmFavo/18+0/yPoacKn4mrQnAXcmkZ67b9PeprBvZP3e1O1kA6u2wc8fymS8hzk9vYC9DVXLlO9ExCeTWQKSw=="
      },
      "Controls.UserDialogs.Maui": {
        "type": "Direct",
        "requested": "[1.12.0, )",
        "resolved": "1.12.0",
        "contentHash": "/QWTRIQG7rp7Y53zWdydbU90S5xk3biAL6ag09/4cgALTI/t+/r2MdaelW3KnwzU+51WoLaQ95qMiGuVUNj0sg==",
        "dependencies": {
          "Microsoft.Maui.Controls": "10.0.0"
        }
      },
      "Microsoft.Maui.Controls": {
        "type": "Direct",
        "requested": "[10.0.71, )",
        "resolved": "10.0.71",
        "contentHash": "v3ROePZoZ5wHENreE8Q62Ffi0GzkHz6aGNAzRaNqHr5ksbV1mJJBCgnWY6U1m5Sb/LxDZDuPYq02XurJGCgHpQ==",
        "dependencies": {
          "Microsoft.Maui.Controls.Build.Tasks": "10.0.71",
          "Microsoft.Maui.Controls.Core": "10.0.71",
          "Microsoft.Maui.Controls.Xaml": "10.0.71",
          "Microsoft.Maui.Resizetizer": "10.0.71"
        }
      },
      "MonkeyCache.FileStore": {
        "type": "Direct",
        "requested": "[2.1.1, )",
        "resolved": "2.1.1",
        "contentHash": "lPxwasg8djjTm+pLuqGMt8EbfTqAJSrczs2PUUrh3EwEJVydsT2OoxWQQyxbsWQp6N7Q9UDMQCxVaWO7fqHa7g==",
        "dependencies": {
          "MonkeyCache": "2.1.1"
        }
      },
      "Newtonsoft.Json": {
        "type": "Direct",
        "requested": "[13.0.4, )",
        "resolved": "13.0.4",
        "contentHash": "pdgNNMai3zv51W5aq268sujXUyx7SNdE2bj1wZcWjAQrKMFZV260lbqYop1d2GM67JI1huLRwxo9ZqnfF/lC6A=="
      },
      "Nyxbull.Plugins.CrossLocalization": {
        "type": "Direct",
        "requested": "[1.3.1, )",
        "resolved": "1.3.1",
        "contentHash": "V6Ixpid+nnENUzNxDuSPm965p2S1JygzjWc6exsGguhvF61Vv6dDrCP/SBhVVMfAzFVb9pGotgqRXdcFKBOq+g==",
        "dependencies": {
          "Newtonsoft.Json": "12.0.3"
        }
      },
      "SkiaSharp": {
        "type": "Direct",
        "requested": "[3.119.4, )",
        "resolved": "3.119.4",
        "contentHash": "53NOSUZ1Us+91Sm0uCkIivh/k7jOowRErZT2sIWwPFN9mLUvdxnE6rS4sWo4255+Rd2MWUSF+j0NMZHD6Cke+Q==",
        "dependencies": {
          "SkiaSharp.NativeAssets.Win32": "3.119.4",
          "SkiaSharp.NativeAssets.macOS": "3.119.4"
        }
      },
      "SkiaSharp.Views.Maui.Controls": {
        "type": "Direct",
        "requested": "[3.119.4, )",
        "resolved": "3.119.4",
        "contentHash": "eULoAf1/XhexRl3Ae2XLWRCI42ve6P6ABwF9bp9m2bgKW3ruYl7dhs9QcrRi8nXWO76sfF0ZMv7nqLrrYmLXSg==",
        "dependencies": {
          "Microsoft.Maui.Controls": "10.0.20",
          "Microsoft.Maui.Core": "10.0.20",
          "SkiaSharp": "3.119.4",
          "SkiaSharp.Views.Maui.Core": "3.119.4"
        }
      },
      "Syncfusion.Maui.Charts": {
        "type": "Direct",
        "requested": "[33.2.13, )",
        "resolved": "33.2.13",
        "contentHash": "GG5p9NP4JTIRhdlbGY2VHJI6moQ6ycDREwdD0EoXWNkrlh4Eng2YpMZodeBMVofeZ/Wup0coWJDOJ+5FqiUC9g==",
        "dependencies": {
          "Syncfusion.Maui.Core": "33.2.13"
        }
      },
      "System.IdentityModel.Tokens.Jwt": {
        "type": "Direct",
        "requested": "[8.19.1, )",
        "resolved": "8.19.1",
        "contentHash": "2VHcRtT95GAcW1E3aVBLvL2rAAMxKHXKMXKXFyWzwgkdFXZPMMvP8tVOfnRydL4vTr1RirNuGC6T8VSEF2YsPQ==",
        "dependencies": {
          "Microsoft.IdentityModel.JsonWebTokens": "8.19.1",
          "Microsoft.IdentityModel.Tokens": "8.19.1"
        }
      },
      "Microsoft.Bcl.Cryptography": {
        "type": "Transitive",
        "resolved": "10.0.2",
        "contentHash": "LG9Yll3B5aNpxv0+D47g6LiOiKBIlodhcHdQwcYzo8VeexFLGqx5ymetmA2aBRyo9cCcWsQWrFsdbsr8LvmWDw=="
      },
      "Microsoft.Extensions.Configuration": {
        "type": "Transitive",
        "resolved": "10.0.0",
        "contentHash": "H4SWETCh/cC5L1WtWchHR6LntGk3rDTTznZMssr4cL8IbDmMWBxY+MOGDc/ASnqNolLKPIWHWeuC1ddiL/iNPw==",
        "dependencies": {
          "Microsoft.Extensions.Configuration.Abstractions": "10.0.0",
          "Microsoft.Extensions.Primitives": "10.0.0"
        }
      },
      "Microsoft.Extensions.Configuration.Abstractions": {
        "type": "Transitive",
        "resolved": "10.0.0",
        "contentHash": "d2kDKnCsJvY7mBVhcjPSp9BkJk48DsaHPg5u+Oy4f8XaOqnEedRy/USyvnpHL92wpJ6DrTPy7htppUUzskbCXQ==",
        "dependencies": {
          "Microsoft.Extensions.Primitives": "10.0.0"
        }
      },
      "Microsoft.Extensions.DependencyInjection": {
        "type": "Transitive",
        "resolved": "10.0.0",
        "contentHash": "f0RBabswJq+gRu5a+hWIobrLWiUYPKMhCD9WO3sYBAdSy3FFH14LMvLVFZc2kPSCimBLxSuitUhsd6tb0TAY6A==",
        "dependencies": {
          "Microsoft.Extensions.DependencyInjection.Abstractions": "10.0.0"
        }
      },
      "Microsoft.Extensions.DependencyInjection.Abstractions": {
        "type": "Transitive",
        "resolved": "10.0.0",
        "contentHash": "L3AdmZ1WOK4XXT5YFPEwyt0ep6l8lGIPs7F5OOBZc77Zqeo01Of7XXICy47628sdVl0v/owxYJTe86DTgFwKCA=="
      },
      "Microsoft.Extensions.Diagnostics.Abstractions": {
        "type": "Transitive",
        "resolved": "10.0.0",
        "contentHash": "SfK89ytD61S7DgzorFljSkUeluC1ncn6dtZgwc0ot39f/BEYWBl5jpgvodxduoYAs1d9HG8faCDRZxE95UMo2A==",
        "dependencies": {
          "Microsoft.Extensions.DependencyInjection.Abstractions": "10.0.0",
          "Microsoft.Extensions.Options": "10.0.0"
        }
      },
      "Microsoft.Extensions.FileProviders.Abstractions": {
        "type": "Transitive",
        "resolved": "10.0.0",
        "contentHash": "/ppSdehKk3fuXjlqCDgSOtjRK/pSHU8eWgzSHfHdwVm5BP4Dgejehkw+PtxKG2j98qTDEHDst2Y99aNsmJldmw==",
        "dependencies": {
          "Microsoft.Extensions.Primitives": "10.0.0"
        }
      },
      "Microsoft.Extensions.Hosting.Abstractions": {
        "type": "Transitive",
        "resolved": "10.0.0",
        "contentHash": "KrN6TGFwCwqOkLLk/idW/XtDQh+8In+CL9T4M1Dx+5ScsjTq4TlVbal8q532m82UYrMr6RiQJF2HvYCN0QwVsA==",
        "dependencies": {
          "Microsoft.Extensions.Configuration.Abstractions": "10.0.0",
          "Microsoft.Extensions.DependencyInjection.Abstractions": "10.0.0",
          "Microsoft.Extensions.Diagnostics.Abstractions": "10.0.0",
          "Microsoft.Extensions.FileProviders.Abstractions": "10.0.0",
          "Microsoft.Extensions.Logging.Abstractions": "10.0.0"
        }
      },
      "Microsoft.Extensions.Logging": {
        "type": "Transitive",
        "resolved": "10.0.0",
        "contentHash": "BStFkd5CcnEtarlcgYDBcFzGYCuuNMzPs02wN3WBsOFoYIEmYoUdAiU+au6opzoqfTYJsMTW00AeqDdnXH2CvA==",
        "dependencies": {
          "Microsoft.Extensions.DependencyInjection": "10.0.0",
          "Microsoft.Extensions.Logging.Abstractions": "10.0.0",
          "Microsoft.Extensions.Options": "10.0.0"
        }
      },
      "Microsoft.Extensions.Logging.Abstractions": {
        "type": "Transitive",
        "resolved": "10.0.0",
        "contentHash": "FU/IfjDfwaMuKr414SSQNTIti/69bHEMb+QKrskRb26oVqpx3lNFXMjs/RC9ZUuhBhcwDM2BwOgoMw+PZ+beqQ==",
        "dependencies": {
          "Microsoft.Extensions.DependencyInjection.Abstractions": "10.0.0"
        }
      },
      "Microsoft.Extensions.Options": {
        "type": "Transitive",
        "resolved": "10.0.0",
        "contentHash": "8oCAgXOow5XDrY9HaXX1QmH3ORsyZO/ANVHBlhLyCeWTH5Sg4UuqZeOTWJi6484M+LqSx0RqQXDJtdYy2BNiLQ==",
        "dependencies": {
          "Microsoft.Extensions.DependencyInjection.Abstractions": "10.0.0",
          "Microsoft.Extensions.Primitives": "10.0.0"
        }
      },
      "Microsoft.Extensions.Primitives": {
        "type": "Transitive",
        "resolved": "10.0.0",
        "contentHash": "inRnbpCS0nwO/RuoZIAqxQUuyjaknOOnCEZB55KSMMjRhl0RQDttSmLSGsUJN3RQ3ocf5NDLFd2mOQViHqMK5w=="
      },
      "Microsoft.IdentityModel.Abstractions": {
        "type": "Transitive",
        "resolved": "8.19.1",
        "contentHash": "gFA8THIk23uNF/vMdOHnjIdXD1LyA2g12cHzMJ+Xag6WpgWLw6E/6uCXxvA0gp9d2yAvkRt3xzFzMUiO/hofnQ=="
      },
      "Microsoft.IdentityModel.JsonWebTokens": {
        "type": "Transitive",
        "resolved": "8.19.1",
        "contentHash": "6eeY+y2QFyjj3XnCz/8gJdoP5smYHTS9ow1bw2nsZzDIPjPhBZlackYTIduSMipVpxnoT/B62LkrXX2jPggOXg==",
        "dependencies": {
          "Microsoft.IdentityModel.Tokens": "8.19.1"
        }
      },
      "Microsoft.IdentityModel.Logging": {
        "type": "Transitive",
        "resolved": "8.19.1",
        "contentHash": "H+sMrMpdbWnwkQnpb/ESkQovtOgdefmj0ecGCcP40mDKzE5i4dUYkH6599M9mWYFNGNJnTp92l/9wLubYXWimw==",
        "dependencies": {
          "Microsoft.IdentityModel.Abstractions": "8.19.1"
        }
      },
      "Microsoft.IdentityModel.Tokens": {
        "type": "Transitive",
        "resolved": "8.19.1",
        "contentHash": "KDiuSLXud2AFVNAOottd8ztVysfPeHyr4r8gofU3/VKUXlI7oytzGTnPsNJ/B3nui17rgz8wAdWNJOtzPjkUxw==",
        "dependencies": {
          "Microsoft.Bcl.Cryptography": "10.0.2",
          "Microsoft.Extensions.Logging.Abstractions": "8.0.0",
          "Microsoft.IdentityModel.Logging": "8.19.1"
        }
      },
      "Microsoft.Maui.Controls.Build.Tasks": {
        "type": "Transitive",
        "resolved": "10.0.71",
        "contentHash": "xOAj3Mo24fbk1Z/rDXFiIdEfW7aC5RxvID0rPOG87PLCDuRbhJnDJHeayHNb6owcP591hf+qWbSjccBzCnQXAg==",
        "dependencies": {
          "Microsoft.Maui.Controls.Core": "10.0.71",
          "Microsoft.Maui.Controls.Xaml": "10.0.71"
        }
      },
      "Microsoft.Maui.Controls.Core": {
        "type": "Transitive",
        "resolved": "10.0.71",
        "contentHash": "QXGAZtz1dj06yIVMslxNi/zg9K8lCmjnOB0PGk84ViBh0IKcAF3n+1Sa87xniLDVre1QdkOSU2fx+f6a8+eTIw==",
        "dependencies": {
          "Microsoft.Extensions.Configuration": "10.0.0",
          "Microsoft.Extensions.DependencyInjection": "10.0.0",
          "Microsoft.Extensions.Logging": "10.0.0",
          "Microsoft.Extensions.Logging.Abstractions": "10.0.0",
          "Microsoft.Maui.Core": "10.0.71"
        }
      },
      "Microsoft.Maui.Controls.Xaml": {
        "type": "Transitive",
        "resolved": "10.0.71",
        "contentHash": "F7WEDfdVNpUX2m7Ro+6hxetI2JftFqk94RIf8ATePRHjerJ6Yvy4Ewsi16WvOfBPmBgsjA60lrw/d+h+LmhwMg==",
        "dependencies": {
          "Microsoft.Extensions.Configuration": "10.0.0",
          "Microsoft.Maui.Controls.Core": "10.0.71",
          "Microsoft.Maui.Core": "10.0.71"
        }
      },
      "Microsoft.Maui.Core": {
        "type": "Transitive",
        "resolved": "10.0.71",
        "contentHash": "5/2y/Cg1EN536fHkIF3pQ0C4TYv1oSsxQ4hYou0IVol3fs1IkaArCQd9QhdrFHjOjioAskBC8ilk+o/Id3615w==",
        "dependencies": {
          "Microsoft.Extensions.Configuration": "10.0.0",
          "Microsoft.Extensions.DependencyInjection": "10.0.0",
          "Microsoft.Extensions.Hosting.Abstractions": "10.0.0",
          "Microsoft.Extensions.Logging": "10.0.0",
          "Microsoft.Extensions.Logging.Abstractions": "10.0.0",
          "Microsoft.Maui.Essentials": "10.0.71",
          "Microsoft.Maui.Graphics": "10.0.71"
        }
      },
      "Microsoft.Maui.Essentials": {
        "type": "Transitive",
        "resolved": "10.0.71",
        "contentHash": "R6RjSLyuIy3wZx/fNWHZGet0OXNyk3pH01EEqCfmdvUQPimSR8ELKqli7NEi41HvPul2IiNNLJaXUVxRn/LRgw==",
        "dependencies": {
          "Microsoft.Maui.Graphics": "10.0.71"
        }
      },
      "Microsoft.Maui.Graphics": {
        "type": "Transitive",
        "resolved": "10.0.71",
        "contentHash": "aFEMJ4zEpKx68fo+7S+UjhAZ9PAps3/rXVAVdTwjayk7yk2fxnMyWlRnjdvN1B3Wt+LA/WTjVXBfPAwqBcxdrg=="
      },
      "Microsoft.Maui.Resizetizer": {
        "type": "Transitive",
        "resolved": "10.0.71",
        "contentHash": "CG4P5XF197pvvuiq9P6ZnOytlqjoZ0dv7nFpoVJw8tO+8UQ7OmdDyAEXll+e42TlJ55Pa1YeNRtQOxsMkmQ0QA=="
      },
      "MonkeyCache": {
        "type": "Transitive",
        "resolved": "2.1.1",
        "contentHash": "YLcMrMgkAiTnmE5u5cLOGcJc6tAq4UTIWwfdic8ruaAzTtB8etPWnfQXo4ztWIpK/qTYyt5SzY8coezf2QMqKQ=="
      },
      "SkiaSharp.NativeAssets.macOS": {
        "type": "Transitive",
        "resolved": "3.119.4",
        "contentHash": "fgBOWEqbY012x7gMfJU4ezgz6dfhJb30Z6YdW35h85Zoe39+a8YNbAAwL29ihPfWoppg5AjvyKNzD1oCvlqWwA=="
      },
      "SkiaSharp.NativeAssets.Win32": {
        "type": "Transitive",
        "resolved": "3.119.4",
        "contentHash": "XOpbx/4CReO2wYsq2s6rbvdauc6dntG4Zv499sHGTJ87bwZaFXszFkwql3+FIZMc8kUPeaj3Mx2ezIJmo8a1Kg=="
      },
      "SkiaSharp.Views.Maui.Core": {
        "type": "Transitive",
        "resolved": "3.119.4",
        "contentHash": "TF36TpKIBL84v2FYbbYPRhJf7fbUd9Gyj11W0SW3SLXFcqhEcabDU2fXM8DJ2Wlgu774CRNQ/lLp4C4JZ88qwg==",
        "dependencies": {
          "Microsoft.Maui.Core": "10.0.20",
          "SkiaSharp": "3.119.4"
        }
      },
      "Syncfusion.Licensing": {
        "type": "Transitive",
        "resolved": "33.2.13",
        "contentHash": "9L0FkOnu8U/Uwj93tgy0DHcZXP8gG+vrrS2yzq8KejT86gLBm0wdhdtYPQvZ9ukAuPejF2jzzzHn4qnT3d7Aag=="
      },
      "Syncfusion.Maui.Core": {
        "type": "Transitive",
        "resolved": "33.2.13",
        "contentHash": "uIyPVUYjkOJ25psn2rwbPxoWFF15PJzauUE/0GiWyzJuJDqVTu5ucWb29pBFWUXcikgz+DlF1uFHXrEa6Fsx3Q==",
        "dependencies": {
          "Syncfusion.Licensing": "33.2.13"
        }
      }
    }
  }
}